
Microsoft Visual Studio Solution File, Format Version 12.00
# Visual Studio 15
VisualStudioVersion = 15.0.28010.2050
MinimumVisualStudioVersion = 10.0.40219.1
Project("{FAE04EC0-301F-11D3-BF4B-00C04F79EFBC}") = "Server", "Server\Server.csproj", "{4392BA2E-7F44-4773-B53A-13CFE07591B9}"
EndProject
Project("{FAE04EC0-301F-11D3-BF4B-00C04F79EFBC}") = "Biblioteka", "Biblioteka\Biblioteka.csproj", "{6B680B41-BA22-4B64-AAFA-B86E892A94A3}"
EndProject
Project("{FAE04EC0-301F-11D3-BF4B-00C04F79EFBC}") = "Komunikacija", "Komunikacija\Komunikacija.csproj", "{800C54C0-1AEA-401A-8983-BF6AC26774C3}"
EndProject
Project("{FAE04EC0-301F-11D3-BF4B-00C04F79EFBC}") = "Sesija", "Sesija\Sesija.csproj", "{61B0FDDE-9D7B-4A16-AB7A-DEE15F1A1E72}"
EndProject
Project("{FAE04EC0-301F-11D3-BF4B-00C04F79EFBC}") = "KontrolerKI", "KontrolerKI\KontrolerKI.csproj", "{A60DAEC5-AB05-41C5-9747-B8FBA866B55A}"
EndProject
Project("{FAE04EC0-301F-11D3-BF4B-00C04F79EFBC}") = "SistemskeOperacije", "SistemskeOperacije\SistemskeOperacije.csproj", "{F7245A1D-C16C-46F6-881F-E511DEEA7A38}"
EndProject
Project("{FAE04EC0-301F-11D3-BF4B-00C04F79EFBC}") = "Klijent", "Klijent\Klijent.csproj", "{A2D3E7AB-571C-44E7-AA65-71A2C70182E5}"
EndProject
Global
	GlobalSection(SolutionConfigurationPlatforms) = preSolution
		Debug|Any CPU = Debug|Any CPU
		Release|Any CPU = Release|Any CPU
	EndGlobalSection
	GlobalSection(ProjectConfigurationPlatforms) = postSolution
		{4392BA2E-7F44-4773-B53A-13CFE07591B9}.Debug|Any CPU.ActiveCfg = Debug|Any CPU
		{4392BA2E-7F44-4773-B53A-13CFE07591B9}.Debug|Any CPU.Build.0 = Debug|Any CPU
		{4392BA2E-7F44-4773-B53A-13CFE07591B9}.Release|Any CPU.ActiveCfg = Release|Any CPU
		{4392BA2E-7F44-4773-B53A-13CFE07591B9}.Release|Any CPU.Build.0 = Release|Any CPU
		{6B680B41-BA22-4B64-AAFA-B86E892A94A3}.Debug|Any CPU.ActiveCfg = Debug|Any CPU
		{6B680B41-BA22-4B64-AAFA-B86E892A94A3}.Debug|Any CPU.Build.0 = Debug|Any CPU
		{6B680B41-BA22-4B64-AAFA-B86E892A94A3}.Release|Any CPU.ActiveCfg = Release|Any CPU
		{6B680B41-BA22-4B64-AAFA-B86E892A94A3}.Release|Any CPU.Build.0 = Release|Any CPU
		{800C54C0-1AEA-401A-8983-BF6AC26774C3}.Debug|Any CPU.ActiveCfg = Debug|Any CPU
		{800C54C0-1AEA-401A-8983-BF6AC26774C3}.Debug|Any CPU.Build.0 = Debug|Any CPU
		{800C54C0-1AEA-401A-8983-BF6AC26774C3}.Release|Any CPU.ActiveCfg = Release|Any CPU
		{800C54C0-1AEA-401A-8983-BF6AC26774C3}.Release|Any CPU.Build.0 = Release|Any CPU
		{61B0FDDE-9D7B-4A16-AB7A-DEE15F1A1E72}.Debug|Any CPU.ActiveCfg = Debug|Any CPU
		{61B0FDDE-9D7B-4A16-AB7A-DEE15F1A1E72}.Debug|Any CPU.Build.0 = Debug|Any CPU
		{61B0FDDE-9D7B-4A16-AB7A-DEE15F1A1E72}.Release|Any CPU.ActiveCfg = Release|Any CPU
		{61B0FDDE-9D7B-4A16-AB7A-DEE15F1A1E72}.Release|Any CPU.Build.0 = Release|Any CPU
		{A60DAEC5-AB05-41C5-9747-B8FBA866B55A}.Debug|Any CPU.ActiveCfg = Debug|Any CPU
		{A60DAEC5-AB05-41C5-9747-B8FBA866B55A}.Debug|Any CPU.Build.0 = Debug|Any CPU
		{A60DAEC5-AB05-41C5-9747-B8FBA866B55A}.Release|Any CPU.ActiveCfg = Release|Any CPU
		{A60DAEC5-AB05-41C5-9747-B8FBA866B55A}.Release|Any CPU.Build.0 = Release|Any CPU
		{F7245A1D-C16C-46F6-881F-E511DEEA7A38}.Debug|Any CPU.ActiveCfg = Debug|Any CPU
		{F7245A1D-C16C-46F6-881F-E511DEEA7A38}.Debug|Any CPU.Build.0 = Debug|Any CPU
		{F7245A1D-C16C-46F6-881F-E511DEEA7A38}.Release|Any CPU.ActiveCfg = Release|Any CPU
		{F7245A1D-C16C-46F6-881F-E511DEEA7A38}.Release|Any CPU.Build.0 = Release|Any CPU
		{A2D3E7AB-571C-44E7-AA65-71A2C70182E5}.Debug|Any CPU.ActiveCfg = Debug|Any CPU
		{A2D3E7AB-571C-44E7-AA65-71A2C70182E5}.Debug|Any CPU.Build.0 = Debug|Any CPU
		{A2D3E7AB-571C-44E7-AA65-71A2C70182E5}.Release|Any CPU.ActiveCfg = Release|Any CPU
		{A2D3E7AB-571C-44E7-AA65-71A2C70182E5}.Release|Any CPU.Build.0 = Release|Any CPU
	EndGlobalSection
	GlobalSection(SolutionProperties) = preSolution
		HideSolutionNode = FALSE
	EndGlobalSection
	GlobalSection(ExtensibilityGlobals) = postSolution
		SolutionGuid = {2032547D-CC25-4747-87C5-3BFBBF115703}
	EndGlobalSection
EndGlobal
